{
  "name": "opensolid-mcp-server",
  "version": "0.1.0",
  "lockfileVersion": 3,
  "requires": true,
  "packages": {
    "": {
      "name": "opensolid-mcp-server",
      "version": "0.1.0",
      "bin": {
        "opensolid-mcp": "src/server.js"
      },
      "engines": {
        "node": ">=18"
      }
    }
  }
}
